
Microsoft Visual Studio Solution File, Format Version 12.00
# Visual Studio Version 17
VisualStudioVersion = 17.6.33815.320
MinimumVisualStudioVersion = 10.0.40219.1
Project("{9A19103F-16F7-4668-BE54-9A1E7A4F7556}") = "Project_2023", "Project_2023.csproj", "{B9B2ACFC-AB0A-46DA-A0DF-6FDD1C492930}"
EndProject
Global
	GlobalSection(SolutionConfigurationPlatforms) = preSolution
		Debug|Any CPU = Debug|Any CPU
		Release|Any CPU = Release|Any CPU
	EndGlobalSection
	GlobalSection(ProjectConfigurationPlatforms) = postSolution
		{B9B2ACFC-AB0A-46DA-A0DF-6FDD1C492930}.Debug|Any CPU.ActiveCfg = Debug|Any CPU
		{B9B2ACFC-AB0A-46DA-A0DF-6FDD1C492930}.Debug|Any CPU.Build.0 = Debug|Any CPU
		{B9B2ACFC-AB0A-46DA-A0DF-6FDD1C492930}.Release|Any CPU.ActiveCfg = Release|Any CPU
		{B9B2ACFC-AB0A-46DA-A0DF-6FDD1C492930}.Release|Any CPU.Build.0 = Release|Any CPU
	EndGlobalSection
	GlobalSection(SolutionProperties) = preSolution
		HideSolutionNode = FALSE
	EndGlobalSection
	GlobalSection(ExtensibilityGlobals) = postSolution
		SolutionGuid = {19D57591-1FA0-40D2-8D83-0B94046B169B}
	EndGlobalSection
EndGlobal
